
Microsoft Visual Studio Solution File, Format Version 12.00
# Visual Studio Version 17
VisualStudioVersion = 17.7.34031.279
MinimumVisualStudioVersion = 10.0.40219.1
Project("{FAE04EC0-301F-11D3-BF4B-00C04F79EFBC}") = "Lab2.3Chernyshenko", "Lab2.3Chernyshenko\Lab2.3Chernyshenko.csproj", "{A05B848B-67EA-4931-86AD-07758E1DDA56}"
EndProject
Global
	GlobalSection(SolutionConfigurationPlatforms) = preSolution
		Debug|Any CPU = Debug|Any CPU
		Release|Any CPU = Release|Any CPU
	EndGlobalSection
	GlobalSection(ProjectConfigurationPlatforms) = postSolution
		{A05B848B-67EA-4931-86AD-07758E1DDA56}.Debug|Any CPU.ActiveCfg = Debug|Any CPU
		{A05B848B-67EA-4931-86AD-07758E1DDA56}.Debug|Any CPU.Build.0 = Debug|Any CPU
		{A05B848B-67EA-4931-86AD-07758E1DDA56}.Release|Any CPU.ActiveCfg = Release|Any CPU
		{A05B848B-67EA-4931-86AD-07758E1DDA56}.Release|Any CPU.Build.0 = Release|Any CPU
	EndGlobalSection
	GlobalSection(SolutionProperties) = preSolution
		HideSolutionNode = FALSE
	EndGlobalSection
	GlobalSection(ExtensibilityGlobals) = postSolution
		SolutionGuid = {CB946B1F-2C7C-4265-B79C-A4A54B6B07A2}
	EndGlobalSection
EndGlobal
